
Microsoft Visual Studio Solution File, Format Version 12.00
# Visual Studio Version 17
VisualStudioVersion = 17.5.33530.505
MinimumVisualStudioVersion = 10.0.40219.1
Project("{9A19103F-16F7-4668-BE54-9A1E7A4F7556}") = "ThreadSafe", "ThreadSafe\ThreadSafe.csproj", "{72E2D708-461C-4741-A784-80FC0E822C93}"
EndProject
Project("{9A19103F-16F7-4668-BE54-9A1E7A4F7556}") = "TheadExample", "TheadExample\TheadExample.csproj", "{FFBFD9CE-EB15-4032-8FFA-5138A091F32A}"
EndProject
Project("{9A19103F-16F7-4668-BE54-9A1E7A4F7556}") = "ThreadTest", "ThreadTest\ThreadTest.csproj", "{96CC9B3A-E3DA-44C1-A62C-018F9D9020A2}"
EndProject
Project("{9A19103F-16F7-4668-BE54-9A1E7A4F7556}") = "ThreadTest2", "ThreadTest2\ThreadTest2.csproj", "{1ADBC7DD-31E3-434E-9F48-DCE4C35285BA}"
EndProject
Project("{FAE04EC0-301F-11D3-BF4B-00C04F79EFBC}") = "ThreadMutex", "ThreadMutex\ThreadMutex.csproj", "{D1AE185C-40E5-4A6E-852B-6C55AD478C05}"
EndProject
Project("{FAE04EC0-301F-11D3-BF4B-00C04F79EFBC}") = "ThreadMonitor", "ThreadMonitor\ThreadMonitor.csproj", "{228FCD71-9E18-459F-B357-F3DB8462573F}"
EndProject
Global
	GlobalSection(SolutionConfigurationPlatforms) = preSolution
		Debug|Any CPU = Debug|Any CPU
		Release|Any CPU = Release|Any CPU
	EndGlobalSection
	GlobalSection(ProjectConfigurationPlatforms) = postSolution
		{72E2D708-461C-4741-A784-80FC0E822C93}.Debug|Any CPU.ActiveCfg = Debug|Any CPU
		{72E2D708-461C-4741-A784-80FC0E822C93}.Debug|Any CPU.Build.0 = Debug|Any CPU
		{72E2D708-461C-4741-A784-80FC0E822C93}.Release|Any CPU.ActiveCfg = Release|Any CPU
		{72E2D708-461C-4741-A784-80FC0E822C93}.Release|Any CPU.Build.0 = Release|Any CPU
		{FFBFD9CE-EB15-4032-8FFA-5138A091F32A}.Debug|Any CPU.ActiveCfg = Debug|Any CPU
		{FFBFD9CE-EB15-4032-8FFA-5138A091F32A}.Debug|Any CPU.Build.0 = Debug|Any CPU
		{FFBFD9CE-EB15-4032-8FFA-5138A091F32A}.Release|Any CPU.ActiveCfg = Release|Any CPU
		{FFBFD9CE-EB15-4032-8FFA-5138A091F32A}.Release|Any CPU.Build.0 = Release|Any CPU
		{96CC9B3A-E3DA-44C1-A62C-018F9D9020A2}.Debug|Any CPU.ActiveCfg = Debug|Any CPU
		{96CC9B3A-E3DA-44C1-A62C-018F9D9020A2}.Debug|Any CPU.Build.0 = Debug|Any CPU
		{96CC9B3A-E3DA-44C1-A62C-018F9D9020A2}.Release|Any CPU.ActiveCfg = Release|Any CPU
		{96CC9B3A-E3DA-44C1-A62C-018F9D9020A2}.Release|Any CPU.Build.0 = Release|Any CPU
		{1ADBC7DD-31E3-434E-9F48-DCE4C35285BA}.Debug|Any CPU.ActiveCfg = Debug|Any CPU
		{1ADBC7DD-31E3-434E-9F48-DCE4C35285BA}.Debug|Any CPU.Build.0 = Debug|Any CPU
		{1ADBC7DD-31E3-434E-9F48-DCE4C35285BA}.Release|Any CPU.ActiveCfg = Release|Any CPU
		{1ADBC7DD-31E3-434E-9F48-DCE4C35285BA}.Release|Any CPU.Build.0 = Release|Any CPU
		{D1AE185C-40E5-4A6E-852B-6C55AD478C05}.Debug|Any CPU.ActiveCfg = Debug|Any CPU
		{D1AE185C-40E5-4A6E-852B-6C55AD478C05}.Debug|Any CPU.Build.0 = Debug|Any CPU
		{D1AE185C-40E5-4A6E-852B-6C55AD478C05}.Release|Any CPU.ActiveCfg = Release|Any CPU
		{D1AE185C-40E5-4A6E-852B-6C55AD478C05}.Release|Any CPU.Build.0 = Release|Any CPU
		{228FCD71-9E18-459F-B357-F3DB8462573F}.Debug|Any CPU.ActiveCfg = Debug|Any CPU
		{228FCD71-9E18-459F-B357-F3DB8462573F}.Debug|Any CPU.Build.0 = Debug|Any CPU
		{228FCD71-9E18-459F-B357-F3DB8462573F}.Release|Any CPU.ActiveCfg = Release|Any CPU
		{228FCD71-9E18-459F-B357-F3DB8462573F}.Release|Any CPU.Build.0 = Release|Any CPU
	EndGlobalSection
	GlobalSection(SolutionProperties) = preSolution
		HideSolutionNode = FALSE
	EndGlobalSection
	GlobalSection(ExtensibilityGlobals) = postSolution
		SolutionGuid = {28ECF986-9078-454F-9202-33A5B831A08A}
	EndGlobalSection
EndGlobal
